
Microsoft Visual Studio Solution File, Format Version 12.00
# Visual Studio 15
VisualStudioVersion = 15.0.26430.13
MinimumVisualStudioVersion = 10.0.40219.1
Project("{9A19103F-16F7-4668-BE54-9A1E7A4F7556}") = "FPTrader", "FPTrader\FPTrader.csproj", "{CE300DC6-8212-4AEC-B078-C8AB32A72CDC}"
EndProject
Project("{2150E333-8FDC-42A3-9474-1A3956D46DE8}") = "MarketData", "MarketData", "{F895A301-5472-45D1-BCB1-77AAAA5DE30F}"
EndProject
Project("{2150E333-8FDC-42A3-9474-1A3956D46DE8}") = "ReferenceData", "ReferenceData", "{3CB63EDB-1148-4055-A78D-4E89CD97867D}"
EndProject
Project("{9A19103F-16F7-4668-BE54-9A1E7A4F7556}") = "MarketData", "MarketDataService\MarketData.csproj", "{1E633068-622E-4784-9C47-12D8A0B86F88}"
EndProject
Project("{2150E333-8FDC-42A3-9474-1A3956D46DE8}") = "UnitTests", "UnitTests", "{CD58B70B-46BB-4A6E-94A9-2C000EBF85B3}"
EndProject
Project("{9A19103F-16F7-4668-BE54-9A1E7A4F7556}") = "MarketDataPriceServiceTest", "MarketDataServiceTest\MarketDataPriceServiceTest.csproj", "{D92415BB-077E-489F-BF6B-36CED1434BBE}"
EndProject
Project("{FAE04EC0-301F-11D3-BF4B-00C04F79EFBC}") = "ReutersPriceService", "ReutersPriceService\ReutersPriceService.csproj", "{50801859-C5E5-435F-83DA-733CB4A8AAD0}"
EndProject
Project("{FAE04EC0-301F-11D3-BF4B-00C04F79EFBC}") = "MockPriceService", "MockPriceService\MockPriceService.csproj", "{B34EE440-E606-483F-B0EE-B2DEBCA7F04C}"
EndProject
Global
	GlobalSection(SolutionConfigurationPlatforms) = preSolution
		Debug|Any CPU = Debug|Any CPU
		Release|Any CPU = Release|Any CPU
	EndGlobalSection
	GlobalSection(ProjectConfigurationPlatforms) = postSolution
		{CE300DC6-8212-4AEC-B078-C8AB32A72CDC}.Debug|Any CPU.ActiveCfg = Debug|Any CPU
		{CE300DC6-8212-4AEC-B078-C8AB32A72CDC}.Debug|Any CPU.Build.0 = Debug|Any CPU
		{CE300DC6-8212-4AEC-B078-C8AB32A72CDC}.Release|Any CPU.ActiveCfg = Release|Any CPU
		{CE300DC6-8212-4AEC-B078-C8AB32A72CDC}.Release|Any CPU.Build.0 = Release|Any CPU
		{1E633068-622E-4784-9C47-12D8A0B86F88}.Debug|Any CPU.ActiveCfg = Debug|Any CPU
		{1E633068-622E-4784-9C47-12D8A0B86F88}.Debug|Any CPU.Build.0 = Debug|Any CPU
		{1E633068-622E-4784-9C47-12D8A0B86F88}.Release|Any CPU.ActiveCfg = Release|Any CPU
		{1E633068-622E-4784-9C47-12D8A0B86F88}.Release|Any CPU.Build.0 = Release|Any CPU
		{D92415BB-077E-489F-BF6B-36CED1434BBE}.Debug|Any CPU.ActiveCfg = Debug|Any CPU
		{D92415BB-077E-489F-BF6B-36CED1434BBE}.Debug|Any CPU.Build.0 = Debug|Any CPU
		{D92415BB-077E-489F-BF6B-36CED1434BBE}.Release|Any CPU.ActiveCfg = Release|Any CPU
		{D92415BB-077E-489F-BF6B-36CED1434BBE}.Release|Any CPU.Build.0 = Release|Any CPU
		{50801859-C5E5-435F-83DA-733CB4A8AAD0}.Debug|Any CPU.ActiveCfg = Debug|Any CPU
		{50801859-C5E5-435F-83DA-733CB4A8AAD0}.Debug|Any CPU.Build.0 = Debug|Any CPU
		{50801859-C5E5-435F-83DA-733CB4A8AAD0}.Release|Any CPU.ActiveCfg = Release|Any CPU
		{50801859-C5E5-435F-83DA-733CB4A8AAD0}.Release|Any CPU.Build.0 = Release|Any CPU
		{B34EE440-E606-483F-B0EE-B2DEBCA7F04C}.Debug|Any CPU.ActiveCfg = Debug|Any CPU
		{B34EE440-E606-483F-B0EE-B2DEBCA7F04C}.Debug|Any CPU.Build.0 = Debug|Any CPU
		{B34EE440-E606-483F-B0EE-B2DEBCA7F04C}.Release|Any CPU.ActiveCfg = Release|Any CPU
		{B34EE440-E606-483F-B0EE-B2DEBCA7F04C}.Release|Any CPU.Build.0 = Release|Any CPU
	EndGlobalSection
	GlobalSection(SolutionProperties) = preSolution
		HideSolutionNode = FALSE
	EndGlobalSection
	GlobalSection(NestedProjects) = preSolution
		{1E633068-622E-4784-9C47-12D8A0B86F88} = {F895A301-5472-45D1-BCB1-77AAAA5DE30F}
		{CD58B70B-46BB-4A6E-94A9-2C000EBF85B3} = {F895A301-5472-45D1-BCB1-77AAAA5DE30F}
		{D92415BB-077E-489F-BF6B-36CED1434BBE} = {CD58B70B-46BB-4A6E-94A9-2C000EBF85B3}
		{50801859-C5E5-435F-83DA-733CB4A8AAD0} = {F895A301-5472-45D1-BCB1-77AAAA5DE30F}
		{B34EE440-E606-483F-B0EE-B2DEBCA7F04C} = {F895A301-5472-45D1-BCB1-77AAAA5DE30F}
	EndGlobalSection
EndGlobal
