
Microsoft Visual Studio Solution File, Format Version 12.00
# Visual Studio 15
VisualStudioVersion = 15.0.26430.13
MinimumVisualStudioVersion = 10.0.40219.1
Project("{9A19103F-16F7-4668-BE54-9A1E7A4F7556}") = "FPTrader", "FPTrader\FPTrader.csproj", "{CE300DC6-8212-4AEC-B078-C8AB32A72CDC}"
EndProject
Project("{2150E333-8FDC-42A3-9474-1A3956D46DE8}") = "MarketData", "MarketData", "{F895A301-5472-45D1-BCB1-77AAAA5DE30F}"
EndProject
Project("{2150E333-8FDC-42A3-9474-1A3956D46DE8}") = "ReferenceData", "ReferenceData", "{3CB63EDB-1148-4055-A78D-4E89CD97867D}"
EndProject
Project("{9A19103F-16F7-4668-BE54-9A1E7A4F7556}") = "MarketDataService", "MarketDataService\MarketDataService.csproj", "{1E633068-622E-4784-9C47-12D8A0B86F88}"
EndProject
Project("{2150E333-8FDC-42A3-9474-1A3956D46DE8}") = "UnitTests", "UnitTests", "{CD58B70B-46BB-4A6E-94A9-2C000EBF85B3}"
EndProject
Project("{9A19103F-16F7-4668-BE54-9A1E7A4F7556}") = "MarketDataServiceTest", "MarketDataServiceTest\MarketDataServiceTest.csproj", "{D92415BB-077E-489F-BF6B-36CED1434BBE}"
EndProject
Project("{2150E333-8FDC-42A3-9474-1A3956D46DE8}") = "Prototypes", "Prototypes", "{5E69F88C-A470-44B5-AA2C-BDF0F4B24EE8}"
EndProject
Project("{2150E333-8FDC-42A3-9474-1A3956D46DE8}") = "MessagingService", "MessagingService", "{B297F120-A753-439C-9966-B383BD353AC3}"
EndProject
Project("{9A19103F-16F7-4668-BE54-9A1E7A4F7556}") = "MessagingContext", "Prototypes\MessagingService\MessagingContext\MessagingContext.csproj", "{7F472CC2-6794-48B0-A177-113A9729E29D}"
EndProject
Project("{9A19103F-16F7-4668-BE54-9A1E7A4F7556}") = "NetMq_MessagingContext", "Prototypes\MessagingService\NetMq_MessagingContext\NetMq_MessagingContext.csproj", "{9B4643C5-D2CC-4557-8A63-8D1EE1AD6582}"
EndProject
Project("{9A19103F-16F7-4668-BE54-9A1E7A4F7556}") = "ZeroMq_MessagingContext", "Prototypes\MessagingService\ZeroMq_MessagingContext\ZeroMq_MessagingContext.csproj", "{10041BE6-6352-4A40-A9B3-21E1FF8B982A}"
EndProject
Project("{9A19103F-16F7-4668-BE54-9A1E7A4F7556}") = "PubReplyServer", "Prototypes\MessagingService\PubReplyServer\PubReplyServer.csproj", "{480DE23C-C89F-4733-B9A6-EC2759B4C48E}"
EndProject
Project("{9A19103F-16F7-4668-BE54-9A1E7A4F7556}") = "SubRequestClient", "Prototypes\MessagingService\SubRequestClient\SubRequestClient.csproj", "{BB950877-DC4C-4AFD-B294-2938A9C701F6}"
EndProject
Project("{2150E333-8FDC-42A3-9474-1A3956D46DE8}") = "Python", "Python", "{138D1826-DE3F-4748-9604-EACCCA426307}"
EndProject
Project("{888888A0-9F3D-457C-B088-3A5042F75D52}") = "MessagingClient", "Prototypes\Python\MessagingClient\MessagingClient.pyproj", "{37D36604-A6A1-4E40-9650-289C0E5A99A3}"
EndProject
Global
	GlobalSection(SolutionConfigurationPlatforms) = preSolution
		Debug|Any CPU = Debug|Any CPU
		Release|Any CPU = Release|Any CPU
	EndGlobalSection
	GlobalSection(ProjectConfigurationPlatforms) = postSolution
		{CE300DC6-8212-4AEC-B078-C8AB32A72CDC}.Debug|Any CPU.ActiveCfg = Debug|Any CPU
		{CE300DC6-8212-4AEC-B078-C8AB32A72CDC}.Debug|Any CPU.Build.0 = Debug|Any CPU
		{CE300DC6-8212-4AEC-B078-C8AB32A72CDC}.Release|Any CPU.ActiveCfg = Release|Any CPU
		{CE300DC6-8212-4AEC-B078-C8AB32A72CDC}.Release|Any CPU.Build.0 = Release|Any CPU
		{1E633068-622E-4784-9C47-12D8A0B86F88}.Debug|Any CPU.ActiveCfg = Debug|Any CPU
		{1E633068-622E-4784-9C47-12D8A0B86F88}.Debug|Any CPU.Build.0 = Debug|Any CPU
		{1E633068-622E-4784-9C47-12D8A0B86F88}.Release|Any CPU.ActiveCfg = Release|Any CPU
		{1E633068-622E-4784-9C47-12D8A0B86F88}.Release|Any CPU.Build.0 = Release|Any CPU
		{D92415BB-077E-489F-BF6B-36CED1434BBE}.Debug|Any CPU.ActiveCfg = Debug|Any CPU
		{D92415BB-077E-489F-BF6B-36CED1434BBE}.Debug|Any CPU.Build.0 = Debug|Any CPU
		{D92415BB-077E-489F-BF6B-36CED1434BBE}.Release|Any CPU.ActiveCfg = Release|Any CPU
		{D92415BB-077E-489F-BF6B-36CED1434BBE}.Release|Any CPU.Build.0 = Release|Any CPU
		{7F472CC2-6794-48B0-A177-113A9729E29D}.Debug|Any CPU.ActiveCfg = Debug|Any CPU
		{7F472CC2-6794-48B0-A177-113A9729E29D}.Debug|Any CPU.Build.0 = Debug|Any CPU
		{7F472CC2-6794-48B0-A177-113A9729E29D}.Release|Any CPU.ActiveCfg = Release|Any CPU
		{7F472CC2-6794-48B0-A177-113A9729E29D}.Release|Any CPU.Build.0 = Release|Any CPU
		{9B4643C5-D2CC-4557-8A63-8D1EE1AD6582}.Debug|Any CPU.ActiveCfg = Debug|Any CPU
		{9B4643C5-D2CC-4557-8A63-8D1EE1AD6582}.Debug|Any CPU.Build.0 = Debug|Any CPU
		{9B4643C5-D2CC-4557-8A63-8D1EE1AD6582}.Release|Any CPU.ActiveCfg = Release|Any CPU
		{9B4643C5-D2CC-4557-8A63-8D1EE1AD6582}.Release|Any CPU.Build.0 = Release|Any CPU
		{10041BE6-6352-4A40-A9B3-21E1FF8B982A}.Debug|Any CPU.ActiveCfg = Debug|Any CPU
		{10041BE6-6352-4A40-A9B3-21E1FF8B982A}.Debug|Any CPU.Build.0 = Debug|Any CPU
		{10041BE6-6352-4A40-A9B3-21E1FF8B982A}.Release|Any CPU.ActiveCfg = Release|Any CPU
		{10041BE6-6352-4A40-A9B3-21E1FF8B982A}.Release|Any CPU.Build.0 = Release|Any CPU
		{480DE23C-C89F-4733-B9A6-EC2759B4C48E}.Debug|Any CPU.ActiveCfg = Debug|Any CPU
		{480DE23C-C89F-4733-B9A6-EC2759B4C48E}.Debug|Any CPU.Build.0 = Debug|Any CPU
		{480DE23C-C89F-4733-B9A6-EC2759B4C48E}.Release|Any CPU.ActiveCfg = Release|Any CPU
		{480DE23C-C89F-4733-B9A6-EC2759B4C48E}.Release|Any CPU.Build.0 = Release|Any CPU
		{BB950877-DC4C-4AFD-B294-2938A9C701F6}.Debug|Any CPU.ActiveCfg = Debug|Any CPU
		{BB950877-DC4C-4AFD-B294-2938A9C701F6}.Debug|Any CPU.Build.0 = Debug|Any CPU
		{BB950877-DC4C-4AFD-B294-2938A9C701F6}.Release|Any CPU.ActiveCfg = Release|Any CPU
		{BB950877-DC4C-4AFD-B294-2938A9C701F6}.Release|Any CPU.Build.0 = Release|Any CPU
		{37D36604-A6A1-4E40-9650-289C0E5A99A3}.Debug|Any CPU.ActiveCfg = Debug|Any CPU
		{37D36604-A6A1-4E40-9650-289C0E5A99A3}.Release|Any CPU.ActiveCfg = Release|Any CPU
	EndGlobalSection
	GlobalSection(SolutionProperties) = preSolution
		HideSolutionNode = FALSE
	EndGlobalSection
	GlobalSection(NestedProjects) = preSolution
		{1E633068-622E-4784-9C47-12D8A0B86F88} = {F895A301-5472-45D1-BCB1-77AAAA5DE30F}
		{CD58B70B-46BB-4A6E-94A9-2C000EBF85B3} = {F895A301-5472-45D1-BCB1-77AAAA5DE30F}
		{D92415BB-077E-489F-BF6B-36CED1434BBE} = {CD58B70B-46BB-4A6E-94A9-2C000EBF85B3}
		{B297F120-A753-439C-9966-B383BD353AC3} = {5E69F88C-A470-44B5-AA2C-BDF0F4B24EE8}
		{7F472CC2-6794-48B0-A177-113A9729E29D} = {B297F120-A753-439C-9966-B383BD353AC3}
		{9B4643C5-D2CC-4557-8A63-8D1EE1AD6582} = {B297F120-A753-439C-9966-B383BD353AC3}
		{10041BE6-6352-4A40-A9B3-21E1FF8B982A} = {B297F120-A753-439C-9966-B383BD353AC3}
		{480DE23C-C89F-4733-B9A6-EC2759B4C48E} = {B297F120-A753-439C-9966-B383BD353AC3}
		{BB950877-DC4C-4AFD-B294-2938A9C701F6} = {B297F120-A753-439C-9966-B383BD353AC3}
		{138D1826-DE3F-4748-9604-EACCCA426307} = {5E69F88C-A470-44B5-AA2C-BDF0F4B24EE8}
		{37D36604-A6A1-4E40-9650-289C0E5A99A3} = {138D1826-DE3F-4748-9604-EACCCA426307}
	EndGlobalSection
	GlobalSection(ExtensibilityGlobals) = postSolution
		SolutionGuid = {8D44A62B-02F2-4893-B462-0092E0607EE6}
	EndGlobalSection
EndGlobal
